
Microsoft Visual Studio Solution File, Format Version 12.00
# Visual Studio Version 17
VisualStudioVersion = 17.9.34622.214
MinimumVisualStudioVersion = 10.0.40219.1
Project("{FAE04EC0-301F-11D3-BF4B-00C04F79EFBC}") = "ToDoApp_API", "ToDoApp_API\ToDoApp_API.csproj", "{761AA39C-80E6-4CB4-9414-E8B35CE8329C}"
EndProject
Global
	GlobalSection(SolutionConfigurationPlatforms) = preSolution
		Debug|Any CPU = Debug|Any CPU
		Release|Any CPU = Release|Any CPU
	EndGlobalSection
	GlobalSection(ProjectConfigurationPlatforms) = postSolution
		{761AA39C-80E6-4CB4-9414-E8B35CE8329C}.Debug|Any CPU.ActiveCfg = Debug|Any CPU
		{761AA39C-80E6-4CB4-9414-E8B35CE8329C}.Debug|Any CPU.Build.0 = Debug|Any CPU
		{761AA39C-80E6-4CB4-9414-E8B35CE8329C}.Release|Any CPU.ActiveCfg = Release|Any CPU
		{761AA39C-80E6-4CB4-9414-E8B35CE8329C}.Release|Any CPU.Build.0 = Release|Any CPU
	EndGlobalSection
	GlobalSection(SolutionProperties) = preSolution
		HideSolutionNode = FALSE
	EndGlobalSection
	GlobalSection(ExtensibilityGlobals) = postSolution
		SolutionGuid = {1E75B8A1-A64D-49F7-9EC1-84D4265F5BB6}
	EndGlobalSection
EndGlobal
